// !$*UTF8*$!
{
	archiveVersion = 1;
	classes = {
	};
	objectVersion = 46;
	objects = {

/* Begin PBXBuildFile section */
		237400771EBC4E28001A0752 /* main.m in Sources */ = {isa = PBXBuildFile; fileRef = 237400761EBC4E28001A0752 /* main.m */; };
		2374007A1EBC4E28001A0752 /* AppDelegate.m in Sources */ = {isa = PBXBuildFile; fileRef = 237400791EBC4E28001A0752 /* AppDelegate.m */; };
		2374007D1EBC4E28001A0752 /* ViewController.m in Sources */ = {isa = PBXBuildFile; fileRef = 2374007C1EBC4E28001A0752 /* ViewController.m */; };
		237400801EBC4E28001A0752 /* Main.storyboard in Resources */ = {isa = PBXBuildFile; fileRef = 2374007E1EBC4E28001A0752 /* Main.storyboard */; };
		237400821EBC4E28001A0752 /* Assets.xcassets in Resources */ = {isa = PBXBuildFile; fileRef = 237400811EBC4E28001A0752 /* Assets.xcassets */; };
		237400851EBC4E28001A0752 /* LaunchScreen.storyboard in Resources */ = {isa = PBXBuildFile; fileRef = 237400831EBC4E28001A0752 /* LaunchScreen.storyboard */; };
		2374008F1EBC4E9F001A0752 /* CMPhotoManager.m in Sources */ = {isa = PBXBuildFile; fileRef = 2374008E1EBC4E9F001A0752 /* CMPhotoManager.m */; };
/* End PBXBuildFile section */

/* Begin PBXFileReference section */
		237400721EBC4E28001A0752 /* CMPhotoManager.app */ = {isa = PBXFileReference; explicitFileType = wrapper.application; includeInIndex = 0; path = CMPhotoManager.app; sourceTree = BUILT_PRODUCTS_DIR; };
		237400761EBC4E28001A0752 /* main.m */ = {isa = PBXFileReference; lastKnownFileType = sourcecode.c.objc; path = main.m; sourceTree = "<group>"; };
		237400781EBC4E28001A0752 /* AppDelegate.h */ = {isa = PBXFileReference; lastKnownFileType = sourcecode.c.h; path = AppDelegate.h; sourceTree = "<group>"; };
		237400791EBC4E28001A0752 /* AppDelegate.m */ = {isa = PBXFileReference; lastKnownFileType = sourcecode.c.objc; path = AppDelegate.m; sourceTree = "<group>"; };
		2374007B1EBC4E28001A0752 /* ViewController.h */ = {isa = PBXFileReference; lastKnownFileType = sourcecode.c.h; path = ViewController.h; sourceTree = "<group>"; };
		2374007C1EBC4E28001A0752 /* ViewController.m */ = {isa = PBXFileReference; lastKnownFileType = sourcecode.c.objc; path = ViewController.m; sourceTree = "<group>"; };
		2374007F1EBC4E28001A0752 /* Base */ = {isa = PBXFileReference; lastKnownFileType = file.storyboard; name = Base; path = Base.lproj/Main.storyboard; sourceTree = "<group>"; };
		237400811EBC4E28001A0752 /* Assets.xcassets */ = {isa = PBXFileReference; lastKnownFileType = folder.assetcatalog; path = Assets.xcassets; sourceTree = "<group>"; };
		237400841EBC4E28001A0752 /* Base */ = {isa = PBXFileReference; lastKnownFileType = file.storyboard; name = Base; path = Base.lproj/LaunchScreen.storyboard; sourceTree = "<group>"; };
		237400861EBC4E28001A0752 /* Info.plist */ = {isa = PBXFileReference; lastKnownFileType = text.plist.xml; path = Info.plist; sourceTree = "<group>"; };
		2374008D1EBC4E9F001A0752 /* CMPhotoManager.h */ = {isa = PBXFileReference; fileEncoding = 4; lastKnownFileType = sourcecode.c.h; path = CMPhotoManager.h; sourceTree = "<group>"; };
		2374008E1EBC4E9F001A0752 /* CMPhotoManager.m */ = {isa = PBXFileReference; fileEncoding = 4; lastKnownFileType = sourcecode.c.objc; path = CMPhotoManager.m; sourceTree = "<group>"; };
/* End PBXFileReference section */

/* Begin PBXFrameworksBuildPhase section */
		2374006F1EBC4E28001A0752 /* Frameworks */ = {
			isa = PBXFrameworksBuildPhase;
			buildActionMask = 2147483647;
			files = (
			);
			runOnlyForDeploymentPostprocessing = 0;
		};
/* End PBXFrameworksBuildPhase section */

/* Begin PBXGroup section */
		237400691EBC4E28001A0752 = {
			isa = PBXGroup;
			children = (
				237400741EBC4E28001A0752 /* CMPhotoManager */,
				237400731EBC4E28001A0752 /* Products */,
			);
			sourceTree = "<group>";
		};
		237400731EBC4E28001A0752 /* Products */ = {
			isa = PBXGroup;
			children = (
				237400721EBC4E28001A0752 /* CMPhotoManager.app */,
			);
			name = Products;
			sourceTree = "<group>";
		};
		237400741EBC4E28001A0752 /* CMPhotoManager */ = {
			isa = PBXGroup;
			children = (
				2374008C1EBC4E8D001A0752 /* Classes */,
				237400781EBC4E28001A0752 /* AppDelegate.h */,
				237400791EBC4E28001A0752 /* AppDelegate.m */,
				2374007B1EBC4E28001A0752 /* ViewController.h */,
				2374007C1EBC4E28001A0752 /* ViewController.m */,
				2374007E1EBC4E28001A0752 /* Main.storyboard */,
				237400811EBC4E28001A0752 /* Assets.xcassets */,
				237400831EBC4E28001A0752 /* LaunchScreen.storyboard */,
				237400861EBC4E28001A0752 /* Info.plist */,
				237400751EBC4E28001A0752 /* Supporting Files */,
			);
			path = CMPhotoManager;
			sourceTree = "<group>";
		};
		237400751EBC4E28001A0752 /* Supporting Files */ = {
			isa = PBXGroup;
			children = (
				237400761EBC4E28001A0752 /* main.m */,
			);
			name = "Supporting Files";
			sourceTree = "<group>";
		};
		2374008C1EBC4E8D001A0752 /* Classes */ = {
			isa = PBXGroup;
			children = (
				2374008D1EBC4E9F001A0752 /* CMPhotoManager.h */,
				2374008E1EBC4E9F001A0752 /* CMPhotoManager.m */,
			);
			path = Classes;
			sourceTree = "<group>";
		};
/* End PBXGroup section */

/* Begin PBXNativeTarget section */
		237400711EBC4E28001A0752 /* CMPhotoManager */ = {
			isa = PBXNativeTarget;
			buildConfigurationList = 237400891EBC4E28001A0752 /* Build configuration list for PBXNativeTarget "CMPhotoManager" */;
			buildPhases = (
				2374006E1EBC4E28001A0752 /* Sources */,
				2374006F1EBC4E28001A0752 /* Frameworks */,
				237400701EBC4E28001A0752 /* Resources */,
			);
			buildRules = (
			);
			dependencies = (
			);
			name = CMPhotoManager;
			productName = CMPhotoManager;
			productReference = 237400721EBC4E28001A0752 /* CMPhotoManager.app */;
			productType = "com.apple.product-type.application";
		};
/* End PBXNativeTarget section */

/* Begin PBXProject section */
		2374006A1EBC4E28001A0752 /* Project object */ = {
			isa = PBXProject;
			attributes = {
				LastUpgradeCheck = 0830;
				ORGANIZATIONNAME = CrabMan;
				TargetAttributes = {
					237400711EBC4E28001A0752 = {
						CreatedOnToolsVersion = 8.3.2;
						DevelopmentTeam = J9ZCRKTEVV;
						ProvisioningStyle = Automatic;
					};
				};
			};
			buildConfigurationList = 2374006D1EBC4E28001A0752 /* Build configuration list for PBXProject "CMPhotoManager" */;
			compatibilityVersion = "Xcode 3.2";
			developmentRegion = English;
			hasScannedForEncodings = 0;
			knownRegions = (
				en,
				Base,
			);
			mainGroup = 237400691EBC4E28001A0752;
			productRefGroup = 237400731EBC4E28001A0752 /* Products */;
			projectDirPath = "";
			projectRoot = "";
			targets = (
				237400711EBC4E28001A0752 /* CMPhotoManager */,
			);
		};
/* End PBXProject section */

/* Begin PBXResourcesBuildPhase section */
		237400701EBC4E28001A0752 /* Resources */ = {
			isa = PBXResourcesBuildPhase;
			buildActionMask = 2147483647;
			files = (
				237400851EBC4E28001A0752 /* LaunchScreen.storyboard in Resources */,
				237400821EBC4E28001A0752 /* Assets.xcassets in Resources */,
				237400801EBC4E28001A0752 /* Main.storyboard in Resources */,
			);
			runOnlyForDeploymentPostprocessing = 0;
		};
/* End PBXResourcesBuildPhase section */

/* Begin PBXSourcesBuildPhase section */
		2374006E1EBC4E28001A0752 /* Sources */ = {
			isa = PBXSourcesBuildPhase;
			buildActionMask = 2147483647;
			files = (
				2374008F1EBC4E9F001A0752 /* CMPhotoManager.m in Sources */,
				2374007D1EBC4E28001A0752 /* ViewController.m in Sources */,
				2374007A1EBC4E28001A0752 /* AppDelegate.m in Sources */,
				237400771EBC4E28001A0752 /* main.m in Sources */,
			);
			runOnlyForDeploymentPostprocessing = 0;
		};
/* End PBXSourcesBuildPhase section */

/* Begin PBXVariantGroup section */
		2374007E1EBC4E28001A0752 /* Main.storyboard */ = {
			isa = PBXVariantGroup;
			children = (
				2374007F1EBC4E28001A0752 /* Base */,
			);
			name = Main.storyboard;
			sourceTree = "<group>";
		};
		237400831EBC4E28001A0752 /* LaunchScreen.storyboard */ = {
			isa = PBXVariantGroup;
			children = (
				237400841EBC4E28001A0752 /* Base */,
			);
			name = LaunchScreen.storyboard;
			sourceTree = "<group>";
		};
/* End PBXVariantGroup section */

/* Begin XCBuildConfiguration section */
		237400871EBC4E28001A0752 /* Debug */ = {
			isa = XCBuildConfiguration;
			buildSettings = {
				ALWAYS_SEARCH_USER_PATHS = NO;
				CLANG_ANALYZER_NONNULL = YES;
				CLANG_ANALYZER_NUMBER_OBJECT_CONVERSION = YES_AGGRESSIVE;
				CLANG_CXX_LANGUAGE_STANDARD = "gnu++0x";
				CLANG_CXX_LIBRARY = "libc++";
				CLANG_ENABLE_MODULES = YES;
				CLANG_ENABLE_OBJC_ARC = YES;
				CLANG_WARN_BOOL_CONVERSION = YES;
				CLANG_WARN_CONSTANT_CONVERSION = YES;
				CLANG_WARN_DIRECT_OBJC_ISA_USAGE = YES_ERROR;
				CLANG_WARN_DOCUMENTATION_COMMENTS = YES;
				CLANG_WARN_EMPTY_BODY = YES;
				CLANG_WARN_ENUM_CONVERSION = YES;
				CLANG_WARN_INFINITE_RECURSION = YES;
				CLANG_WARN_INT_CONVERSION = YES;
				CLANG_WARN_OBJC_ROOT_CLASS = YES_ERROR;
				CLANG_WARN_SUSPICIOUS_MOVE = YES;
				CLANG_WARN_UNREACHABLE_CODE = YES;
				CLANG_WARN__DUPLICATE_METHOD_MATCH = YES;
				"CODE_SIGN_IDENTITY[sdk=iphoneos*]" = "iPhone Developer";
				COPY_PHASE_STRIP = NO;
				DEBUG_INFORMATION_FORMAT = dwarf;
				ENABLE_STRICT_OBJC_MSGSEND = YES;
				ENABLE_TESTABILITY = YES;
				GCC_C_LANGUAGE_STANDARD = gnu99;
				GCC_DYNAMIC_NO_PIC = NO;
				GCC_NO_COMMON_BLOCKS = YES;
				GCC_OPTIMIZATION_LEVEL = 0;
				GCC_PREPROCESSOR_DEFINITIONS = (
					"DEBUG=1",
					"$(inherited)",
				);
				GCC_WARN_64_TO_32_BIT_CONVERSION = YES;
				GCC_WARN_ABOUT_RETURN_TYPE = YES_ERROR;
				GCC_WARN_UNDECLARED_SELECTOR = YES;
				GCC_WARN_UNINITIALIZED_AUTOS = YES_AGGRESSIVE;
				GCC_WARN_UNUSED_FUNCTION = YES;
				GCC_WARN_UNUSED_VARIABLE = YES;
				IPHONEOS_DEPLOYMENT_TARGET = 10.3;
				MTL_ENABLE_DEBUG_INFO = YES;
				ONLY_ACTIVE_ARCH = YES;
				SDKROOT = iphoneos;
			};
			name = Debug;
		};
		237400881EBC4E28001A0752 /* Release */ = {
			isa = XCBuildConfiguration;
			buildSettings = {
				ALWAYS_SEARCH_USER_PATHS = NO;
				CLANG_ANALYZER_NONNULL = YES;
				CLANG_ANALYZER_NUMBER_OBJECT_CONVERSION = YES_AGGRESSIVE;
				CLANG_CXX_LANGUAGE_STANDARD = "gnu++0x";
				CLANG_CXX_LIBRARY = "libc++";
				CLANG_ENABLE_MODULES = YES;
				CLANG_ENABLE_OBJC_ARC = YES;
				CLANG_WARN_BOOL_CONVERSION = YES;
				CLANG_WARN_CONSTANT_CONVERSION = YES;
				CLANG_WARN_DIRECT_OBJC_ISA_USAGE = YES_ERROR;
				CLANG_WARN_DOCUMENTATION_COMMENTS = YES;
				CLANG_WARN_EMPTY_BODY = YES;
				CLANG_WARN_ENUM_CONVERSION = YES;
				CLANG_WARN_INFINITE_RECURSION = YES;
				CLANG_WARN_INT_CONVERSION = YES;
				CLANG_WARN_OBJC_ROOT_CLASS = YES_ERROR;
				CLANG_WARN_SUSPICIOUS_MOVE = YES;
				CLANG_WARN_UNREACHABLE_CODE = YES;
				CLANG_WARN__DUPLICATE_METHOD_MATCH = YES;
				"CODE_SIGN_IDENTITY[sdk=iphoneos*]" = "iPhone Developer";
				COPY_PHASE_STRIP = NO;
				DEBUG_INFORMATION_FORMAT = "dwarf-with-dsym";
				ENABLE_NS_ASSERTIONS = NO;
				ENABLE_STRICT_OBJC_MSGSEND = YES;
				GCC_C_LANGUAGE_STANDARD = gnu99;
				GCC_NO_COMMON_BLOCKS = YES;
				GCC_WARN_64_TO_32_BIT_CONVERSION = YES;
				GCC_WARN_ABOUT_RETURN_TYPE = YES_ERROR;
				GCC_WARN_UNDECLARED_SELECTOR = YES;
				GCC_WARN_UNINITIALIZED_AUTOS = YES_AGGRESSIVE;
				GCC_WARN_UNUSED_FUNCTION = YES;
				GCC_WARN_UNUSED_VARIABLE = YES;
				IPHONEOS_DEPLOYMENT_TARGET = 10.3;
				MTL_ENABLE_DEBUG_INFO = NO;
				SDKROOT = iphoneos;
				VALIDATE_PRODUCT = YES;
			};
			name = Release;
		};
		2374008A1EBC4E28001A0752 /* Debug */ = {
			isa = XCBuildConfiguration;
			buildSettings = {
				ASSETCATALOG_COMPILER_APPICON_NAME = AppIcon;
				DEVELOPMENT_TEAM = J9ZCRKTEVV;
				INFOPLIST_FILE = CMPhotoManager/Info.plist;
				IPHONEOS_DEPLOYMENT_TARGET = 8.0;
				LD_RUNPATH_SEARCH_PATHS = "$(inherited) @executable_path/Frameworks";
				PRODUCT_BUNDLE_IDENTIFIER = CrabMan.CMPhotoManag;
				PRODUCT_NAME = "$(TARGET_NAME)";
			};
			name = Debug;
		};
		2374008B1EBC4E28001A0752 /* Release */ = {
			isa = XCBuildConfiguration;
			buildSettings = {
				ASSETCATALOG_COMPILER_APPICON_NAME = AppIcon;
				DEVELOPMENT_TEAM = J9ZCRKTEVV;
				INFOPLIST_FILE = CMPhotoManager/Info.plist;
				IPHONEOS_DEPLOYMENT_TARGET = 8.0;
				LD_RUNPATH_SEARCH_PATHS = "$(inherited) @executable_path/Frameworks";
				PRODUCT_BUNDLE_IDENTIFIER = CrabMan.CMPhotoManag;
				PRODUCT_NAME = "$(TARGET_NAME)";
			};
			name = Release;
		};
/* End XCBuildConfiguration section */

/* Begin XCConfigurationList section */
		2374006D1EBC4E28001A0752 /* Build configuration list for PBXProject "CMPhotoManager" */ = {
			isa = XCConfigurationList;
			buildConfigurations = (
				237400871EBC4E28001A0752 /* Debug */,
				237400881EBC4E28001A0752 /* Release */,
			);
			defaultConfigurationIsVisible = 0;
			defaultConfigurationName = Release;
		};
		237400891EBC4E28001A0752 /* Build configuration list for PBXNativeTarget "CMPhotoManager" */ = {
			isa = XCConfigurationList;
			buildConfigurations = (
				2374008A1EBC4E28001A0752 /* Debug */,
				2374008B1EBC4E28001A0752 /* Release */,
			);
			defaultConfigurationIsVisible = 0;
			defaultConfigurationName = Release;
		};
/* End XCConfigurationList section */
	};
	rootObject = 2374006A1EBC4E28001A0752 /* Project object */;
}
